{
  "pins" : [
    {
      "identity" : "svgview",
      "kind" : "remoteSourceControl",
      "location" : "https://github.com/nnabeyang/SVGView.git",
      "state" : {
        "branch" : "svg_uiview",
        "revision" : "5c445473fc7c3c5b9b82c5aa8febf87c238a6103"
      }
    }
  ],
  "version" : 2
}
