// !$*UTF8*$!
{
	archiveVersion = 1;
	classes = {
	};
	objectVersion = 77;
	objects = {

/* Begin PBXBuildFile section */
		32B3DDD82F651F8A00D0FB9B /* SVGSnapshotAssets in Frameworks */ = {isa = PBXBuildFile; productRef = 32B3DDD72F651F8A00D0FB9B /* SVGSnapshotAssets */; };
		32B3DDDB2F651FE700D0FB9B /* SnapshotTesting in Frameworks */ = {isa = PBXBuildFile; productRef = 32B3DDDA2F651FE700D0FB9B /* SnapshotTesting */; };
		32FECAA32F655CE700A56608 /* SVGUIView in Frameworks */ = {isa = PBXBuildFile; productRef = 32FECAA22F655CE700A56608 /* SVGUIView */; };
/* End PBXBuildFile section */

/* Begin PBXContainerItemProxy section */
		32CD1AD92F651CA900A86A26 /* PBXContainerItemProxy */ = {
			isa = PBXContainerItemProxy;
			containerPortal = 32CD1AC32F651CA900A86A26 /* Project object */;
			proxyType = 1;
			remoteGlobalIDString = 32CD1ACA2F651CA900A86A26;
			remoteInfo = InternalApp;
		};
		32CD1AE32F651CA900A86A26 /* PBXContainerItemProxy */ = {
			isa = PBXContainerItemProxy;
			containerPortal = 32CD1AC32F651CA900A86A26 /* Project object */;
			proxyType = 1;
			remoteGlobalIDString = 32CD1ACA2F651CA900A86A26;
			remoteInfo = InternalApp;
		};
/* End PBXContainerItemProxy section */

/* Begin PBXFileReference section */
		32B3DDD22F651F5C00D0FB9B /* SnapshotAssets */ = {isa = PBXFileReference; lastKnownFileType = wrapper; name = SnapshotAssets; path = Packages/SnapshotAssets; sourceTree = "<group>"; };
		32C8AE792F6531DE00F8F4E7 /* InternalApp.xctestplan */ = {isa = PBXFileReference; lastKnownFileType = text; path = InternalApp.xctestplan; sourceTree = "<group>"; };
		32CD1ACB2F651CA900A86A26 /* InternalApp.app */ = {isa = PBXFileReference; explicitFileType = wrapper.application; includeInIndex = 0; path = InternalApp.app; sourceTree = BUILT_PRODUCTS_DIR; };
		32CD1AD82F651CA900A86A26 /* InternalAppTests.xctest */ = {isa = PBXFileReference; explicitFileType = wrapper.cfbundle; includeInIndex = 0; path = InternalAppTests.xctest; sourceTree = BUILT_PRODUCTS_DIR; };
		32CD1AE22F651CA900A86A26 /* InternalAppUITests.xctest */ = {isa = PBXFileReference; explicitFileType = wrapper.cfbundle; includeInIndex = 0; path = InternalAppUITests.xctest; sourceTree = BUILT_PRODUCTS_DIR; };
/* End PBXFileReference section */

/* Begin PBXFileSystemSynchronizedRootGroup section */
		32CD1ACD2F651CA900A86A26 /* InternalApp */ = {
			isa = PBXFileSystemSynchronizedRootGroup;
			path = InternalApp;
			sourceTree = "<group>";
		};
		32CD1ADB2F651CA900A86A26 /* InternalAppTests */ = {
			isa = PBXFileSystemSynchronizedRootGroup;
			path = InternalAppTests;
			sourceTree = "<group>";
		};
		32CD1AE52F651CA900A86A26 /* InternalAppUITests */ = {
			isa = PBXFileSystemSynchronizedRootGroup;
			path = InternalAppUITests;
			sourceTree = "<group>";
		};
/* End PBXFileSystemSynchronizedRootGroup section */

/* Begin PBXFrameworksBuildPhase section */
		32CD1AC82F651CA900A86A26 /* Frameworks */ = {
			isa = PBXFrameworksBuildPhase;
			buildActionMask = 2147483647;
			files = (
			);
			runOnlyForDeploymentPostprocessing = 0;
		};
		32CD1AD52F651CA900A86A26 /* Frameworks */ = {
			isa = PBXFrameworksBuildPhase;
			buildActionMask = 2147483647;
			files = (
				32FECAA32F655CE700A56608 /* SVGUIView in Frameworks */,
				32B3DDDB2F651FE700D0FB9B /* SnapshotTesting in Frameworks */,
				32B3DDD82F651F8A00D0FB9B /* SVGSnapshotAssets in Frameworks */,
			);
			runOnlyForDeploymentPostprocessing = 0;
		};
		32CD1ADF2F651CA900A86A26 /* Frameworks */ = {
			isa = PBXFrameworksBuildPhase;
			buildActionMask = 2147483647;
			files = (
			);
			runOnlyForDeploymentPostprocessing = 0;
		};
/* End PBXFrameworksBuildPhase section */

/* Begin PBXGroup section */
		32B3DDD62F651F8A00D0FB9B /* Frameworks */ = {
			isa = PBXGroup;
			children = (
			);
			name = Frameworks;
			sourceTree = "<group>";
		};
		32CD1AC22F651CA900A86A26 = {
			isa = PBXGroup;
			children = (
				32C8AE792F6531DE00F8F4E7 /* InternalApp.xctestplan */,
				32B3DDD22F651F5C00D0FB9B /* SnapshotAssets */,
				32CD1ACD2F651CA900A86A26 /* InternalApp */,
				32CD1ADB2F651CA900A86A26 /* InternalAppTests */,
				32CD1AE52F651CA900A86A26 /* InternalAppUITests */,
				32B3DDD62F651F8A00D0FB9B /* Frameworks */,
				32CD1ACC2F651CA900A86A26 /* Products */,
			);
			sourceTree = "<group>";
		};
		32CD1ACC2F651CA900A86A26 /* Products */ = {
			isa = PBXGroup;
			children = (
				32CD1ACB2F651CA900A86A26 /* InternalApp.app */,
				32CD1AD82F651CA900A86A26 /* InternalAppTests.xctest */,
				32CD1AE22F651CA900A86A26 /* InternalAppUITests.xctest */,
			);
			name = Products;
			sourceTree = "<group>";
		};
/* End PBXGroup section */

/* Begin PBXNativeTarget section */
		32CD1ACA2F651CA900A86A26 /* InternalApp */ = {
			isa = PBXNativeTarget;
			buildConfigurationList = 32CD1AEC2F651CA900A86A26 /* Build configuration list for PBXNativeTarget "InternalApp" */;
			buildPhases = (
				32CD1AC72F651CA900A86A26 /* Sources */,
				32CD1AC82F651CA900A86A26 /* Frameworks */,
				32CD1AC92F651CA900A86A26 /* Resources */,
			);
			buildRules = (
			);
			dependencies = (
			);
			fileSystemSynchronizedGroups = (
				32CD1ACD2F651CA900A86A26 /* InternalApp */,
			);
			name = InternalApp;
			packageProductDependencies = (
			);
			productName = InternalApp;
			productReference = 32CD1ACB2F651CA900A86A26 /* InternalApp.app */;
			productType = "com.apple.product-type.application";
		};
		32CD1AD72F651CA900A86A26 /* InternalAppTests */ = {
			isa = PBXNativeTarget;
			buildConfigurationList = 32CD1AEF2F651CA900A86A26 /* Build configuration list for PBXNativeTarget "InternalAppTests" */;
			buildPhases = (
				32CD1AD42F651CA900A86A26 /* Sources */,
				32CD1AD52F651CA900A86A26 /* Frameworks */,
				32CD1AD62F651CA900A86A26 /* Resources */,
			);
			buildRules = (
			);
			dependencies = (
				32CD1ADA2F651CA900A86A26 /* PBXTargetDependency */,
			);
			fileSystemSynchronizedGroups = (
				32CD1ADB2F651CA900A86A26 /* InternalAppTests */,
			);
			name = InternalAppTests;
			packageProductDependencies = (
				32B3DDD72F651F8A00D0FB9B /* SVGSnapshotAssets */,
				32B3DDDA2F651FE700D0FB9B /* SnapshotTesting */,
				32FECAA22F655CE700A56608 /* SVGUIView */,
			);
			productName = InternalAppTests;
			productReference = 32CD1AD82F651CA900A86A26 /* InternalAppTests.xctest */;
			productType = "com.apple.product-type.bundle.unit-test";
		};
		32CD1AE12F651CA900A86A26 /* InternalAppUITests */ = {
			isa = PBXNativeTarget;
			buildConfigurationList = 32CD1AF22F651CA900A86A26 /* Build configuration list for PBXNativeTarget "InternalAppUITests" */;
			buildPhases = (
				32CD1ADE2F651CA900A86A26 /* Sources */,
				32CD1ADF2F651CA900A86A26 /* Frameworks */,
				32CD1AE02F651CA900A86A26 /* Resources */,
			);
			buildRules = (
			);
			dependencies = (
				32CD1AE42F651CA900A86A26 /* PBXTargetDependency */,
			);
			fileSystemSynchronizedGroups = (
				32CD1AE52F651CA900A86A26 /* InternalAppUITests */,
			);
			name = InternalAppUITests;
			packageProductDependencies = (
			);
			productName = InternalAppUITests;
			productReference = 32CD1AE22F651CA900A86A26 /* InternalAppUITests.xctest */;
			productType = "com.apple.product-type.bundle.ui-testing";
		};
/* End PBXNativeTarget section */

/* Begin PBXProject section */
		32CD1AC32F651CA900A86A26 /* Project object */ = {
			isa = PBXProject;
			attributes = {
				BuildIndependentTargetsInParallel = 1;
				LastSwiftUpdateCheck = 2630;
				LastUpgradeCheck = 2630;
				TargetAttributes = {
					32CD1ACA2F651CA900A86A26 = {
						CreatedOnToolsVersion = 26.3;
					};
					32CD1AD72F651CA900A86A26 = {
						CreatedOnToolsVersion = 26.3;
						TestTargetID = 32CD1ACA2F651CA900A86A26;
					};
					32CD1AE12F651CA900A86A26 = {
						CreatedOnToolsVersion = 26.3;
						TestTargetID = 32CD1ACA2F651CA900A86A26;
					};
				};
			};
			buildConfigurationList = 32CD1AC62F651CA900A86A26 /* Build configuration list for PBXProject "InternalApp" */;
			developmentRegion = en;
			hasScannedForEncodings = 0;
			knownRegions = (
				en,
				Base,
			);
			mainGroup = 32CD1AC22F651CA900A86A26;
			minimizedProjectReferenceProxies = 1;
			packageReferences = (
				32B3DDD92F651FE700D0FB9B /* XCRemoteSwiftPackageReference "swift-snapshot-testing" */,
			);
			preferredProjectObjectVersion = 77;
			productRefGroup = 32CD1ACC2F651CA900A86A26 /* Products */;
			projectDirPath = "";
			projectRoot = "";
			targets = (
				32CD1ACA2F651CA900A86A26 /* InternalApp */,
				32CD1AD72F651CA900A86A26 /* InternalAppTests */,
				32CD1AE12F651CA900A86A26 /* InternalAppUITests */,
			);
		};
/* End PBXProject section */

/* Begin PBXResourcesBuildPhase section */
		32CD1AC92F651CA900A86A26 /* Resources */ = {
			isa = PBXResourcesBuildPhase;
			buildActionMask = 2147483647;
			files = (
			);
			runOnlyForDeploymentPostprocessing = 0;
		};
		32CD1AD62F651CA900A86A26 /* Resources */ = {
			isa = PBXResourcesBuildPhase;
			buildActionMask = 2147483647;
			files = (
			);
			runOnlyForDeploymentPostprocessing = 0;
		};
		32CD1AE02F651CA900A86A26 /* Resources */ = {
			isa = PBXResourcesBuildPhase;
			buildActionMask = 2147483647;
			files = (
			);
			runOnlyForDeploymentPostprocessing = 0;
		};
/* End PBXResourcesBuildPhase section */

/* Begin PBXSourcesBuildPhase section */
		32CD1AC72F651CA900A86A26 /* Sources */ = {
			isa = PBXSourcesBuildPhase;
			buildActionMask = 2147483647;
			files = (
			);
			runOnlyForDeploymentPostprocessing = 0;
		};
		32CD1AD42F651CA900A86A26 /* Sources */ = {
			isa = PBXSourcesBuildPhase;
			buildActionMask = 2147483647;
			files = (
			);
			runOnlyForDeploymentPostprocessing = 0;
		};
		32CD1ADE2F651CA900A86A26 /* Sources */ = {
			isa = PBXSourcesBuildPhase;
			buildActionMask = 2147483647;
			files = (
			);
			runOnlyForDeploymentPostprocessing = 0;
		};
/* End PBXSourcesBuildPhase section */

/* Begin PBXTargetDependency section */
		32CD1ADA2F651CA900A86A26 /* PBXTargetDependency */ = {
			isa = PBXTargetDependency;
			target = 32CD1ACA2F651CA900A86A26 /* InternalApp */;
			targetProxy = 32CD1AD92F651CA900A86A26 /* PBXContainerItemProxy */;
		};
		32CD1AE42F651CA900A86A26 /* PBXTargetDependency */ = {
			isa = PBXTargetDependency;
			target = 32CD1ACA2F651CA900A86A26 /* InternalApp */;
			targetProxy = 32CD1AE32F651CA900A86A26 /* PBXContainerItemProxy */;
		};
/* End PBXTargetDependency section */

/* Begin XCBuildConfiguration section */
		32CD1AEA2F651CA900A86A26 /* Debug */ = {
			isa = XCBuildConfiguration;
			buildSettings = {
				ALWAYS_SEARCH_USER_PATHS = NO;
				ASSETCATALOG_COMPILER_GENERATE_SWIFT_ASSET_SYMBOL_EXTENSIONS = YES;
				CLANG_ANALYZER_NONNULL = YES;
				CLANG_ANALYZER_NUMBER_OBJECT_CONVERSION = YES_AGGRESSIVE;
				CLANG_CXX_LANGUAGE_STANDARD = "gnu++20";
				CLANG_ENABLE_MODULES = YES;
				CLANG_ENABLE_OBJC_ARC = YES;
				CLANG_ENABLE_OBJC_WEAK = YES;
				CLANG_WARN_BLOCK_CAPTURE_AUTORELEASING = YES;
				CLANG_WARN_BOOL_CONVERSION = YES;
				CLANG_WARN_COMMA = YES;
				CLANG_WARN_CONSTANT_CONVERSION = YES;
				CLANG_WARN_DEPRECATED_OBJC_IMPLEMENTATIONS = YES;
				CLANG_WARN_DIRECT_OBJC_ISA_USAGE = YES_ERROR;
				CLANG_WARN_DOCUMENTATION_COMMENTS = YES;
				CLANG_WARN_EMPTY_BODY = YES;
				CLANG_WARN_ENUM_CONVERSION = YES;
				CLANG_WARN_INFINITE_RECURSION = YES;
				CLANG_WARN_INT_CONVERSION = YES;
				CLANG_WARN_NON_LITERAL_NULL_CONVERSION = YES;
				CLANG_WARN_OBJC_IMPLICIT_RETAIN_SELF = YES;
				CLANG_WARN_OBJC_LITERAL_CONVERSION = YES;
				CLANG_WARN_OBJC_ROOT_CLASS = YES_ERROR;
				CLANG_WARN_QUOTED_INCLUDE_IN_FRAMEWORK_HEADER = YES;
				CLANG_WARN_RANGE_LOOP_ANALYSIS = YES;
				CLANG_WARN_STRICT_PROTOTYPES = YES;
				CLANG_WARN_SUSPICIOUS_MOVE = YES;
				CLANG_WARN_UNGUARDED_AVAILABILITY = YES_AGGRESSIVE;
				CLANG_WARN_UNREACHABLE_CODE = YES;
				CLANG_WARN__DUPLICATE_METHOD_MATCH = YES;
				COPY_PHASE_STRIP = NO;
				DEBUG_INFORMATION_FORMAT = dwarf;
				DEVELOPMENT_TEAM = SPTF653B4J;
				ENABLE_STRICT_OBJC_MSGSEND = YES;
				ENABLE_TESTABILITY = YES;
				ENABLE_USER_SCRIPT_SANDBOXING = YES;
				GCC_C_LANGUAGE_STANDARD = gnu17;
				GCC_DYNAMIC_NO_PIC = NO;
				GCC_NO_COMMON_BLOCKS = YES;
				GCC_OPTIMIZATION_LEVEL = 0;
				GCC_PREPROCESSOR_DEFINITIONS = (
					"DEBUG=1",
					"$(inherited)",
				);
				GCC_WARN_64_TO_32_BIT_CONVERSION = YES;
				GCC_WARN_ABOUT_RETURN_TYPE = YES_ERROR;
				GCC_WARN_UNDECLARED_SELECTOR = YES;
				GCC_WARN_UNINITIALIZED_AUTOS = YES_AGGRESSIVE;
				GCC_WARN_UNUSED_FUNCTION = YES;
				GCC_WARN_UNUSED_VARIABLE = YES;
				LOCALIZATION_PREFERS_STRING_CATALOGS = YES;
				MTL_ENABLE_DEBUG_INFO = INCLUDE_SOURCE;
				MTL_FAST_MATH = YES;
				ONLY_ACTIVE_ARCH = YES;
				SWIFT_ACTIVE_COMPILATION_CONDITIONS = "DEBUG $(inherited)";
				SWIFT_OPTIMIZATION_LEVEL = "-Onone";
			};
			name = Debug;
		};
		32CD1AEB2F651CA900A86A26 /* Release */ = {
			isa = XCBuildConfiguration;
			buildSettings = {
				ALWAYS_SEARCH_USER_PATHS = NO;
				ASSETCATALOG_COMPILER_GENERATE_SWIFT_ASSET_SYMBOL_EXTENSIONS = YES;
				CLANG_ANALYZER_NONNULL = YES;
				CLANG_ANALYZER_NUMBER_OBJECT_CONVERSION = YES_AGGRESSIVE;
				CLANG_CXX_LANGUAGE_STANDARD = "gnu++20";
				CLANG_ENABLE_MODULES = YES;
				CLANG_ENABLE_OBJC_ARC = YES;
				CLANG_ENABLE_OBJC_WEAK = YES;
				CLANG_WARN_BLOCK_CAPTURE_AUTORELEASING = YES;
				CLANG_WARN_BOOL_CONVERSION = YES;
				CLANG_WARN_COMMA = YES;
				CLANG_WARN_CONSTANT_CONVERSION = YES;
				CLANG_WARN_DEPRECATED_OBJC_IMPLEMENTATIONS = YES;
				CLANG_WARN_DIRECT_OBJC_ISA_USAGE = YES_ERROR;
				CLANG_WARN_DOCUMENTATION_COMMENTS = YES;
				CLANG_WARN_EMPTY_BODY = YES;
				CLANG_WARN_ENUM_CONVERSION = YES;
				CLANG_WARN_INFINITE_RECURSION = YES;
				CLANG_WARN_INT_CONVERSION = YES;
				CLANG_WARN_NON_LITERAL_NULL_CONVERSION = YES;
				CLANG_WARN_OBJC_IMPLICIT_RETAIN_SELF = YES;
				CLANG_WARN_OBJC_LITERAL_CONVERSION = YES;
				CLANG_WARN_OBJC_ROOT_CLASS = YES_ERROR;
				CLANG_WARN_QUOTED_INCLUDE_IN_FRAMEWORK_HEADER = YES;
				CLANG_WARN_RANGE_LOOP_ANALYSIS = YES;
				CLANG_WARN_STRICT_PROTOTYPES = YES;
				CLANG_WARN_SUSPICIOUS_MOVE = YES;
				CLANG_WARN_UNGUARDED_AVAILABILITY = YES_AGGRESSIVE;
				CLANG_WARN_UNREACHABLE_CODE = YES;
				CLANG_WARN__DUPLICATE_METHOD_MATCH = YES;
				COPY_PHASE_STRIP = NO;
				DEBUG_INFORMATION_FORMAT = "dwarf-with-dsym";
				DEVELOPMENT_TEAM = SPTF653B4J;
				ENABLE_NS_ASSERTIONS = NO;
				ENABLE_STRICT_OBJC_MSGSEND = YES;
				ENABLE_USER_SCRIPT_SANDBOXING = YES;
				GCC_C_LANGUAGE_STANDARD = gnu17;
				GCC_NO_COMMON_BLOCKS = YES;
				GCC_WARN_64_TO_32_BIT_CONVERSION = YES;
				GCC_WARN_ABOUT_RETURN_TYPE = YES_ERROR;
				GCC_WARN_UNDECLARED_SELECTOR = YES;
				GCC_WARN_UNINITIALIZED_AUTOS = YES_AGGRESSIVE;
				GCC_WARN_UNUSED_FUNCTION = YES;
				GCC_WARN_UNUSED_VARIABLE = YES;
				LOCALIZATION_PREFERS_STRING_CATALOGS = YES;
				MTL_ENABLE_DEBUG_INFO = NO;
				MTL_FAST_MATH = YES;
				SWIFT_COMPILATION_MODE = wholemodule;
			};
			name = Release;
		};
		32CD1AED2F651CA900A86A26 /* Debug */ = {
			isa = XCBuildConfiguration;
			buildSettings = {
				ASSETCATALOG_COMPILER_APPICON_NAME = AppIcon;
				ASSETCATALOG_COMPILER_GLOBAL_ACCENT_COLOR_NAME = AccentColor;
				CODE_SIGN_STYLE = Automatic;
				CURRENT_PROJECT_VERSION = 1;
				DEVELOPMENT_TEAM = SPTF653B4J;
				ENABLE_APP_SANDBOX = YES;
				ENABLE_HARDENED_RUNTIME = YES;
				ENABLE_PREVIEWS = YES;
				ENABLE_USER_SELECTED_FILES = readonly;
				GENERATE_INFOPLIST_FILE = YES;
				"INFOPLIST_KEY_UIApplicationSceneManifest_Generation[sdk=iphoneos*]" = YES;
				"INFOPLIST_KEY_UIApplicationSceneManifest_Generation[sdk=iphonesimulator*]" = YES;
				"INFOPLIST_KEY_UIApplicationSupportsIndirectInputEvents[sdk=iphoneos*]" = YES;
				"INFOPLIST_KEY_UIApplicationSupportsIndirectInputEvents[sdk=iphonesimulator*]" = YES;
				"INFOPLIST_KEY_UILaunchScreen_Generation[sdk=iphoneos*]" = YES;
				"INFOPLIST_KEY_UILaunchScreen_Generation[sdk=iphonesimulator*]" = YES;
				"INFOPLIST_KEY_UIStatusBarStyle[sdk=iphoneos*]" = UIStatusBarStyleDefault;
				"INFOPLIST_KEY_UIStatusBarStyle[sdk=iphonesimulator*]" = UIStatusBarStyleDefault;
				INFOPLIST_KEY_UISupportedInterfaceOrientations_iPad = "UIInterfaceOrientationPortrait UIInterfaceOrientationPortraitUpsideDown UIInterfaceOrientationLandscapeLeft UIInterfaceOrientationLandscapeRight";
				INFOPLIST_KEY_UISupportedInterfaceOrientations_iPhone = "UIInterfaceOrientationPortrait UIInterfaceOrientationLandscapeLeft UIInterfaceOrientationLandscapeRight";
				IPHONEOS_DEPLOYMENT_TARGET = 16.0;
				LD_RUNPATH_SEARCH_PATHS = "@executable_path/Frameworks";
				"LD_RUNPATH_SEARCH_PATHS[sdk=macosx*]" = "@executable_path/../Frameworks";
				MARKETING_VERSION = 1.0;
				PRODUCT_BUNDLE_IDENTIFIER = com.nnabeyang.SVGUIView.InternalApp;
				PRODUCT_NAME = "$(TARGET_NAME)";
				REGISTER_APP_GROUPS = YES;
				SDKROOT = auto;
				STRING_CATALOG_GENERATE_SYMBOLS = YES;
				SUPPORTED_PLATFORMS = "iphoneos iphonesimulator";
				SUPPORTS_MACCATALYST = NO;
				SWIFT_APPROACHABLE_CONCURRENCY = YES;
				SWIFT_DEFAULT_ACTOR_ISOLATION = MainActor;
				SWIFT_EMIT_LOC_STRINGS = YES;
				SWIFT_UPCOMING_FEATURE_MEMBER_IMPORT_VISIBILITY = YES;
				SWIFT_VERSION = 5.0;
				TARGETED_DEVICE_FAMILY = "1,2";
			};
			name = Debug;
		};
		32CD1AEE2F651CA900A86A26 /* Release */ = {
			isa = XCBuildConfiguration;
			buildSettings = {
				ASSETCATALOG_COMPILER_APPICON_NAME = AppIcon;
				ASSETCATALOG_COMPILER_GLOBAL_ACCENT_COLOR_NAME = AccentColor;
				CODE_SIGN_STYLE = Automatic;
				CURRENT_PROJECT_VERSION = 1;
				DEVELOPMENT_TEAM = SPTF653B4J;
				ENABLE_APP_SANDBOX = YES;
				ENABLE_HARDENED_RUNTIME = YES;
				ENABLE_PREVIEWS = YES;
				ENABLE_USER_SELECTED_FILES = readonly;
				GENERATE_INFOPLIST_FILE = YES;
				"INFOPLIST_KEY_UIApplicationSceneManifest_Generation[sdk=iphoneos*]" = YES;
				"INFOPLIST_KEY_UIApplicationSceneManifest_Generation[sdk=iphonesimulator*]" = YES;
				"INFOPLIST_KEY_UIApplicationSupportsIndirectInputEvents[sdk=iphoneos*]" = YES;
				"INFOPLIST_KEY_UIApplicationSupportsIndirectInputEvents[sdk=iphonesimulator*]" = YES;
				"INFOPLIST_KEY_UILaunchScreen_Generation[sdk=iphoneos*]" = YES;
				"INFOPLIST_KEY_UILaunchScreen_Generation[sdk=iphonesimulator*]" = YES;
				"INFOPLIST_KEY_UIStatusBarStyle[sdk=iphoneos*]" = UIStatusBarStyleDefault;
				"INFOPLIST_KEY_UIStatusBarStyle[sdk=iphonesimulator*]" = UIStatusBarStyleDefault;
				INFOPLIST_KEY_UISupportedInterfaceOrientations_iPad = "UIInterfaceOrientationPortrait UIInterfaceOrientationPortraitUpsideDown UIInterfaceOrientationLandscapeLeft UIInterfaceOrientationLandscapeRight";
				INFOPLIST_KEY_UISupportedInterfaceOrientations_iPhone = "UIInterfaceOrientationPortrait UIInterfaceOrientationLandscapeLeft UIInterfaceOrientationLandscapeRight";
				IPHONEOS_DEPLOYMENT_TARGET = 16.0;
				LD_RUNPATH_SEARCH_PATHS = "@executable_path/Frameworks";
				"LD_RUNPATH_SEARCH_PATHS[sdk=macosx*]" = "@executable_path/../Frameworks";
				MARKETING_VERSION = 1.0;
				PRODUCT_BUNDLE_IDENTIFIER = com.nnabeyang.SVGUIView.InternalApp;
				PRODUCT_NAME = "$(TARGET_NAME)";
				REGISTER_APP_GROUPS = YES;
				SDKROOT = auto;
				STRING_CATALOG_GENERATE_SYMBOLS = YES;
				SUPPORTED_PLATFORMS = "iphoneos iphonesimulator";
				SUPPORTS_MACCATALYST = NO;
				SWIFT_APPROACHABLE_CONCURRENCY = YES;
				SWIFT_DEFAULT_ACTOR_ISOLATION = MainActor;
				SWIFT_EMIT_LOC_STRINGS = YES;
				SWIFT_UPCOMING_FEATURE_MEMBER_IMPORT_VISIBILITY = YES;
				SWIFT_VERSION = 5.0;
				TARGETED_DEVICE_FAMILY = "1,2";
			};
			name = Release;
		};
		32CD1AF02F651CA900A86A26 /* Debug */ = {
			isa = XCBuildConfiguration;
			buildSettings = {
				BUNDLE_LOADER = "$(TEST_HOST)";
				CODE_SIGN_STYLE = Automatic;
				CURRENT_PROJECT_VERSION = 1;
				DEVELOPMENT_TEAM = SPTF653B4J;
				GENERATE_INFOPLIST_FILE = YES;
				IPHONEOS_DEPLOYMENT_TARGET = 16.0;
				MACOSX_DEPLOYMENT_TARGET = 26.2;
				MARKETING_VERSION = 1.0;
				PRODUCT_BUNDLE_IDENTIFIER = com.nnabeyang.SVGUIView.InternalAppTests;
				PRODUCT_NAME = "$(TARGET_NAME)";
				SDKROOT = auto;
				STRING_CATALOG_GENERATE_SYMBOLS = NO;
				SUPPORTED_PLATFORMS = "iphoneos iphonesimulator";
				SUPPORTS_MACCATALYST = NO;
				SWIFT_APPROACHABLE_CONCURRENCY = YES;
				SWIFT_EMIT_LOC_STRINGS = NO;
				SWIFT_UPCOMING_FEATURE_MEMBER_IMPORT_VISIBILITY = YES;
				SWIFT_VERSION = 5.0;
				TARGETED_DEVICE_FAMILY = "1,2";
				TEST_HOST = "$(BUILT_PRODUCTS_DIR)/InternalApp.app/$(BUNDLE_EXECUTABLE_FOLDER_PATH)/InternalApp";
				XROS_DEPLOYMENT_TARGET = 26.2;
			};
			name = Debug;
		};
		32CD1AF12F651CA900A86A26 /* Release */ = {
			isa = XCBuildConfiguration;
			buildSettings = {
				BUNDLE_LOADER = "$(TEST_HOST)";
				CODE_SIGN_STYLE = Automatic;
				CURRENT_PROJECT_VERSION = 1;
				DEVELOPMENT_TEAM = SPTF653B4J;
				GENERATE_INFOPLIST_FILE = YES;
				IPHONEOS_DEPLOYMENT_TARGET = 16.0;
				MACOSX_DEPLOYMENT_TARGET = 26.2;
				MARKETING_VERSION = 1.0;
				PRODUCT_BUNDLE_IDENTIFIER = com.nnabeyang.SVGUIView.InternalAppTests;
				PRODUCT_NAME = "$(TARGET_NAME)";
				SDKROOT = auto;
				STRING_CATALOG_GENERATE_SYMBOLS = NO;
				SUPPORTED_PLATFORMS = "iphoneos iphonesimulator";
				SUPPORTS_MACCATALYST = NO;
				SWIFT_APPROACHABLE_CONCURRENCY = YES;
				SWIFT_EMIT_LOC_STRINGS = NO;
				SWIFT_UPCOMING_FEATURE_MEMBER_IMPORT_VISIBILITY = YES;
				SWIFT_VERSION = 5.0;
				TARGETED_DEVICE_FAMILY = "1,2";
				TEST_HOST = "$(BUILT_PRODUCTS_DIR)/InternalApp.app/$(BUNDLE_EXECUTABLE_FOLDER_PATH)/InternalApp";
				XROS_DEPLOYMENT_TARGET = 26.2;
			};
			name = Release;
		};
		32CD1AF32F651CA900A86A26 /* Debug */ = {
			isa = XCBuildConfiguration;
			buildSettings = {
				CODE_SIGN_STYLE = Automatic;
				CURRENT_PROJECT_VERSION = 1;
				DEVELOPMENT_TEAM = SPTF653B4J;
				GENERATE_INFOPLIST_FILE = YES;
				IPHONEOS_DEPLOYMENT_TARGET = 26.2;
				MACOSX_DEPLOYMENT_TARGET = 26.2;
				MARKETING_VERSION = 1.0;
				PRODUCT_BUNDLE_IDENTIFIER = com.nnabeyang.SVGUIView.InternalAppUITests;
				PRODUCT_NAME = "$(TARGET_NAME)";
				SDKROOT = auto;
				STRING_CATALOG_GENERATE_SYMBOLS = NO;
				SUPPORTED_PLATFORMS = "iphoneos iphonesimulator macosx xros xrsimulator";
				SWIFT_APPROACHABLE_CONCURRENCY = YES;
				SWIFT_EMIT_LOC_STRINGS = NO;
				SWIFT_UPCOMING_FEATURE_MEMBER_IMPORT_VISIBILITY = YES;
				SWIFT_VERSION = 5.0;
				TARGETED_DEVICE_FAMILY = "1,2,7";
				TEST_TARGET_NAME = InternalApp;
				XROS_DEPLOYMENT_TARGET = 26.2;
			};
			name = Debug;
		};
		32CD1AF42F651CA900A86A26 /* Release */ = {
			isa = XCBuildConfiguration;
			buildSettings = {
				CODE_SIGN_STYLE = Automatic;
				CURRENT_PROJECT_VERSION = 1;
				DEVELOPMENT_TEAM = SPTF653B4J;
				GENERATE_INFOPLIST_FILE = YES;
				IPHONEOS_DEPLOYMENT_TARGET = 26.2;
				MACOSX_DEPLOYMENT_TARGET = 26.2;
				MARKETING_VERSION = 1.0;
				PRODUCT_BUNDLE_IDENTIFIER = com.nnabeyang.SVGUIView.InternalAppUITests;
				PRODUCT_NAME = "$(TARGET_NAME)";
				SDKROOT = auto;
				STRING_CATALOG_GENERATE_SYMBOLS = NO;
				SUPPORTED_PLATFORMS = "iphoneos iphonesimulator macosx xros xrsimulator";
				SWIFT_APPROACHABLE_CONCURRENCY = YES;
				SWIFT_EMIT_LOC_STRINGS = NO;
				SWIFT_UPCOMING_FEATURE_MEMBER_IMPORT_VISIBILITY = YES;
				SWIFT_VERSION = 5.0;
				TARGETED_DEVICE_FAMILY = "1,2,7";
				TEST_TARGET_NAME = InternalApp;
				XROS_DEPLOYMENT_TARGET = 26.2;
			};
			name = Release;
		};
/* End XCBuildConfiguration section */

/* Begin XCConfigurationList section */
		32CD1AC62F651CA900A86A26 /* Build configuration list for PBXProject "InternalApp" */ = {
			isa = XCConfigurationList;
			buildConfigurations = (
				32CD1AEA2F651CA900A86A26 /* Debug */,
				32CD1AEB2F651CA900A86A26 /* Release */,
			);
			defaultConfigurationIsVisible = 0;
			defaultConfigurationName = Release;
		};
		32CD1AEC2F651CA900A86A26 /* Build configuration list for PBXNativeTarget "InternalApp" */ = {
			isa = XCConfigurationList;
			buildConfigurations = (
				32CD1AED2F651CA900A86A26 /* Debug */,
				32CD1AEE2F651CA900A86A26 /* Release */,
			);
			defaultConfigurationIsVisible = 0;
			defaultConfigurationName = Release;
		};
		32CD1AEF2F651CA900A86A26 /* Build configuration list for PBXNativeTarget "InternalAppTests" */ = {
			isa = XCConfigurationList;
			buildConfigurations = (
				32CD1AF02F651CA900A86A26 /* Debug */,
				32CD1AF12F651CA900A86A26 /* Release */,
			);
			defaultConfigurationIsVisible = 0;
			defaultConfigurationName = Release;
		};
		32CD1AF22F651CA900A86A26 /* Build configuration list for PBXNativeTarget "InternalAppUITests" */ = {
			isa = XCConfigurationList;
			buildConfigurations = (
				32CD1AF32F651CA900A86A26 /* Debug */,
				32CD1AF42F651CA900A86A26 /* Release */,
			);
			defaultConfigurationIsVisible = 0;
			defaultConfigurationName = Release;
		};
/* End XCConfigurationList section */

/* Begin XCRemoteSwiftPackageReference section */
		32B3DDD92F651FE700D0FB9B /* XCRemoteSwiftPackageReference "swift-snapshot-testing" */ = {
			isa = XCRemoteSwiftPackageReference;
			repositoryURL = "https://github.com/pointfreeco/swift-snapshot-testing";
			requirement = {
				kind = exactVersion;
				version = 1.18.9;
			};
		};
/* End XCRemoteSwiftPackageReference section */

/* Begin XCSwiftPackageProductDependency section */
		32B3DDD72F651F8A00D0FB9B /* SVGSnapshotAssets */ = {
			isa = XCSwiftPackageProductDependency;
			productName = SVGSnapshotAssets;
		};
		32B3DDDA2F651FE700D0FB9B /* SnapshotTesting */ = {
			isa = XCSwiftPackageProductDependency;
			package = 32B3DDD92F651FE700D0FB9B /* XCRemoteSwiftPackageReference "swift-snapshot-testing" */;
			productName = SnapshotTesting;
		};
		32FECAA22F655CE700A56608 /* SVGUIView */ = {
			isa = XCSwiftPackageProductDependency;
			productName = SVGUIView;
		};
/* End XCSwiftPackageProductDependency section */
	};
	rootObject = 32CD1AC32F651CA900A86A26 /* Project object */;
}
